
Microsoft Visual Studio Solution File, Format Version 12.00
# Visual Studio Version 16
VisualStudioVersion = 16.0.32106.194
MinimumVisualStudioVersion = 10.0.40219.1
Project("{FAE04EC0-301F-11D3-BF4B-00C04F79EFBC}") = "Blog", "Blog\Blog.csproj", "{49A3736E-D4A3-4AE4-88EA-8641D5AA8867}"
EndProject
Global
	GlobalSection(SolutionConfigurationPlatforms) = preSolution
		Debug|Any CPU = Debug|Any CPU
		Release|Any CPU = Release|Any CPU
	EndGlobalSection
	GlobalSection(ProjectConfigurationPlatforms) = postSolution
		{49A3736E-D4A3-4AE4-88EA-8641D5AA8867}.Debug|Any CPU.ActiveCfg = Debug|Any CPU
		{49A3736E-D4A3-4AE4-88EA-8641D5AA8867}.Debug|Any CPU.Build.0 = Debug|Any CPU
		{49A3736E-D4A3-4AE4-88EA-8641D5AA8867}.Release|Any CPU.ActiveCfg = Release|Any CPU
		{49A3736E-D4A3-4AE4-88EA-8641D5AA8867}.Release|Any CPU.Build.0 = Release|Any CPU
	EndGlobalSection
	GlobalSection(SolutionProperties) = preSolution
		HideSolutionNode = FALSE
	EndGlobalSection
	GlobalSection(ExtensibilityGlobals) = postSolution
		SolutionGuid = {DA003E92-8305-430E-B5CB-969769DA457F}
	EndGlobalSection
EndGlobal
